
Microsoft Visual Studio Solution File, Format Version 12.00
# Visual Studio Version 16
VisualStudioVersion = 16.0.30717.126
MinimumVisualStudioVersion = 10.0.40219.1
Project("{9A19103F-16F7-4668-BE54-9A1E7A4F7556}") = "b7.XabboExamples.WpfApp", "b7.XabboExamples.WpfApp\b7.XabboExamples.WpfApp.csproj", "{7886B6BE-18C2-4831-BD66-323807C18603}"
EndProject
Project("{2150E333-8FDC-42A3-9474-1A3956D46DE8}") = "Submodules", "Submodules", "{660DC455-19A7-4347-AD61-B4846A5D29A5}"
EndProject
Project("{9A19103F-16F7-4668-BE54-9A1E7A4F7556}") = "Xabbo.Common", "Xabbo.Common\Xabbo.Common\Xabbo.Common.csproj", "{7E19A71D-1753-4DF1-B11C-74F63ABC1E1D}"
EndProject
Project("{9A19103F-16F7-4668-BE54-9A1E7A4F7556}") = "Xabbo.GEarth", "Xabbo.GEarth\Xabbo.GEarth\Xabbo.GEarth.csproj", "{ACBB6DDA-E5E9-48E1-B145-E18E934D2B6D}"
EndProject
Project("{FAE04EC0-301F-11D3-BF4B-00C04F79EFBC}") = "b7.XabboExamples.WinForms", "b7.XabboExamples.WinForms\b7.XabboExamples.WinForms.csproj", "{CC8D15E9-5344-4868-BCA7-C9B5BB079587}"
EndProject
Global
	GlobalSection(SolutionConfigurationPlatforms) = preSolution
		Debug|Any CPU = Debug|Any CPU
		Release|Any CPU = Release|Any CPU
	EndGlobalSection
	GlobalSection(ProjectConfigurationPlatforms) = postSolution
		{7886B6BE-18C2-4831-BD66-323807C18603}.Debug|Any CPU.ActiveCfg = Debug|Any CPU
		{7886B6BE-18C2-4831-BD66-323807C18603}.Debug|Any CPU.Build.0 = Debug|Any CPU
		{7886B6BE-18C2-4831-BD66-323807C18603}.Release|Any CPU.ActiveCfg = Release|Any CPU
		{7886B6BE-18C2-4831-BD66-323807C18603}.Release|Any CPU.Build.0 = Release|Any CPU
		{7E19A71D-1753-4DF1-B11C-74F63ABC1E1D}.Debug|Any CPU.ActiveCfg = Debug|Any CPU
		{7E19A71D-1753-4DF1-B11C-74F63ABC1E1D}.Debug|Any CPU.Build.0 = Debug|Any CPU
		{7E19A71D-1753-4DF1-B11C-74F63ABC1E1D}.Release|Any CPU.ActiveCfg = Release|Any CPU
		{7E19A71D-1753-4DF1-B11C-74F63ABC1E1D}.Release|Any CPU.Build.0 = Release|Any CPU
		{ACBB6DDA-E5E9-48E1-B145-E18E934D2B6D}.Debug|Any CPU.ActiveCfg = Debug|Any CPU
		{ACBB6DDA-E5E9-48E1-B145-E18E934D2B6D}.Debug|Any CPU.Build.0 = Debug|Any CPU
		{ACBB6DDA-E5E9-48E1-B145-E18E934D2B6D}.Release|Any CPU.ActiveCfg = Release|Any CPU
		{ACBB6DDA-E5E9-48E1-B145-E18E934D2B6D}.Release|Any CPU.Build.0 = Release|Any CPU
		{CC8D15E9-5344-4868-BCA7-C9B5BB079587}.Debug|Any CPU.ActiveCfg = Debug|Any CPU
		{CC8D15E9-5344-4868-BCA7-C9B5BB079587}.Debug|Any CPU.Build.0 = Debug|Any CPU
		{CC8D15E9-5344-4868-BCA7-C9B5BB079587}.Release|Any CPU.ActiveCfg = Release|Any CPU
		{CC8D15E9-5344-4868-BCA7-C9B5BB079587}.Release|Any CPU.Build.0 = Release|Any CPU
	EndGlobalSection
	GlobalSection(SolutionProperties) = preSolution
		HideSolutionNode = FALSE
	EndGlobalSection
	GlobalSection(NestedProjects) = preSolution
		{7E19A71D-1753-4DF1-B11C-74F63ABC1E1D} = {660DC455-19A7-4347-AD61-B4846A5D29A5}
		{ACBB6DDA-E5E9-48E1-B145-E18E934D2B6D} = {660DC455-19A7-4347-AD61-B4846A5D29A5}
	EndGlobalSection
	GlobalSection(ExtensibilityGlobals) = postSolution
		SolutionGuid = {82C14A8D-E1FD-402E-AEFC-8E8369452461}
	EndGlobalSection
EndGlobal
